// !$*UTF8*$!
{
	archiveVersion = 1;
	classes = {
	};
	objectVersion = 46;
	objects = {

/* Begin PBXBuildFile section */
		D72C079B1517BF9A003455C9 /* UIKit.framework in Frameworks */ = {isa = PBXBuildFile; fileRef = D72C079A1517BF9A003455C9 /* UIKit.framework */; };
		D72C079D1517BF9A003455C9 /* Foundation.framework in Frameworks */ = {isa = PBXBuildFile; fileRef = D72C079C1517BF9A003455C9 /* Foundation.framework */; };
		D72C079F1517BF9A003455C9 /* CoreGraphics.framework in Frameworks */ = {isa = PBXBuildFile; fileRef = D72C079E1517BF9A003455C9 /* CoreGraphics.framework */; };
		D72C07A51517BF9A003455C9 /* InfoPlist.strings in Resources */ = {isa = PBXBuildFile; fileRef = D72C07A31517BF9A003455C9 /* InfoPlist.strings */; };
		D72C07A71517BF9A003455C9 /* main.m in Sources */ = {isa = PBXBuildFile; fileRef = D72C07A61517BF9A003455C9 /* main.m */; };
		D72C07AB1517BF9A003455C9 /* garthAppDelegate.m in Sources */ = {isa = PBXBuildFile; fileRef = D72C07AA1517BF9A003455C9 /* garthAppDelegate.m */; };
		D72C07AF1517BF9A003455C9 /* garthAppDelegate_iPhone.m in Sources */ = {isa = PBXBuildFile; fileRef = D72C07AE1517BF9A003455C9 /* garthAppDelegate_iPhone.m */; };
		D72C07B21517BF9A003455C9 /* MainWindow_iPhone.xib in Resources */ = {isa = PBXBuildFile; fileRef = D72C07B01517BF9A003455C9 /* MainWindow_iPhone.xib */; };
		D72C07B61517BF9A003455C9 /* garthAppDelegate_iPad.m in Sources */ = {isa = PBXBuildFile; fileRef = D72C07B51517BF9A003455C9 /* garthAppDelegate_iPad.m */; };
		D72C07B91517BF9A003455C9 /* MainWindow_iPad.xib in Resources */ = {isa = PBXBuildFile; fileRef = D72C07B71517BF9A003455C9 /* MainWindow_iPad.xib */; };
		D72C07C11517BF9A003455C9 /* SenTestingKit.framework in Frameworks */ = {isa = PBXBuildFile; fileRef = D72C07C01517BF9A003455C9 /* SenTestingKit.framework */; };
		D72C07C21517BF9A003455C9 /* UIKit.framework in Frameworks */ = {isa = PBXBuildFile; fileRef = D72C079A1517BF9A003455C9 /* UIKit.framework */; };
		D72C07C31517BF9A003455C9 /* Foundation.framework in Frameworks */ = {isa = PBXBuildFile; fileRef = D72C079C1517BF9A003455C9 /* Foundation.framework */; };
		D72C07C41517BF9A003455C9 /* CoreGraphics.framework in Frameworks */ = {isa = PBXBuildFile; fileRef = D72C079E1517BF9A003455C9 /* CoreGraphics.framework */; };
		D72C07CC1517BF9A003455C9 /* InfoPlist.strings in Resources */ = {isa = PBXBuildFile; fileRef = D72C07CA1517BF9A003455C9 /* InfoPlist.strings */; };
		D72C07CE1517BF9A003455C9 /* garthTests.h in Resources */ = {isa = PBXBuildFile; fileRef = D72C07CD1517BF9A003455C9 /* garthTests.h */; };
		D72C07D01517BF9A003455C9 /* garthTests.m in Sources */ = {isa = PBXBuildFile; fileRef = D72C07CF1517BF9A003455C9 /* garthTests.m */; };
		D72C07DB1517BFD2003455C9 /* EventListViewController.m in Sources */ = {isa = PBXBuildFile; fileRef = D72C07DA1517BFD2003455C9 /* EventListViewController.m */; };
		D72C08A81517C276003455C9 /* EventTableViewCell.m in Sources */ = {isa = PBXBuildFile; fileRef = D72C08A71517C276003455C9 /* EventTableViewCell.m */; };
		D72C08AB1517C293003455C9 /* Event.m in Sources */ = {isa = PBXBuildFile; fileRef = D72C08AA1517C293003455C9 /* Event.m */; };
		D72C08C61517C33F003455C9 /* NSObject+SBJson.m in Sources */ = {isa = PBXBuildFile; fileRef = D72C08AE1517C33F003455C9 /* NSObject+SBJson.m */; };
		D72C08C71517C33F003455C9 /* SBJsonParser.m in Sources */ = {isa = PBXBuildFile; fileRef = D72C08B11517C33F003455C9 /* SBJsonParser.m */; };
		D72C08C81517C33F003455C9 /* SBJsonStreamParser.m in Sources */ = {isa = PBXBuildFile; fileRef = D72C08B31517C33F003455C9 /* SBJsonStreamParser.m */; };
		D72C08C91517C33F003455C9 /* SBJsonStreamParserAccumulator.m in Sources */ = {isa = PBXBuildFile; fileRef = D72C08B51517C33F003455C9 /* SBJsonStreamParserAccumulator.m */; };
		D72C08CA1517C33F003455C9 /* SBJsonStreamParserAdapter.m in Sources */ = {isa = PBXBuildFile; fileRef = D72C08B71517C33F003455C9 /* SBJsonStreamParserAdapter.m */; };
		D72C08CB1517C33F003455C9 /* SBJsonStreamParserState.m in Sources */ = {isa = PBXBuildFile; fileRef = D72C08B91517C33F003455C9 /* SBJsonStreamParserState.m */; };
		D72C08CC1517C33F003455C9 /* SBJsonStreamWriter.m in Sources */ = {isa = PBXBuildFile; fileRef = D72C08BB1517C33F003455C9 /* SBJsonStreamWriter.m */; };
		D72C08CD1517C33F003455C9 /* SBJsonStreamWriterAccumulator.m in Sources */ = {isa = PBXBuildFile; fileRef = D72C08BD1517C33F003455C9 /* SBJsonStreamWriterAccumulator.m */; };
		D72C08CE1517C33F003455C9 /* SBJsonStreamWriterState.m in Sources */ = {isa = PBXBuildFile; fileRef = D72C08BF1517C33F003455C9 /* SBJsonStreamWriterState.m */; };
		D72C08CF1517C33F003455C9 /* SBJsonTokeniser.m in Sources */ = {isa = PBXBuildFile; fileRef = D72C08C11517C33F003455C9 /* SBJsonTokeniser.m */; };
		D72C08D01517C33F003455C9 /* SBJsonUTF8Stream.m in Sources */ = {isa = PBXBuildFile; fileRef = D72C08C31517C33F003455C9 /* SBJsonUTF8Stream.m */; };
		D72C08D11517C33F003455C9 /* SBJsonWriter.m in Sources */ = {isa = PBXBuildFile; fileRef = D72C08C51517C33F003455C9 /* SBJsonWriter.m */; };
		D72C08D41517C449003455C9 /* LaunchViewController.m in Sources */ = {isa = PBXBuildFile; fileRef = D72C08D31517C449003455C9 /* LaunchViewController.m */; };
		D72C08D81517CA3B003455C9 /* QuartzCore.framework in Frameworks */ = {isa = PBXBuildFile; fileRef = D72C08D71517CA3A003455C9 /* QuartzCore.framework */; };
		D72C08E11517D821003455C9 /* EventFactory.m in Sources */ = {isa = PBXBuildFile; fileRef = D72C08E01517D821003455C9 /* EventFactory.m */; };
		D72C08E41517D96F003455C9 /* DoorSensorEvent.m in Sources */ = {isa = PBXBuildFile; fileRef = D72C08E31517D96F003455C9 /* DoorSensorEvent.m */; };
		D72C08E71517D97B003455C9 /* SensorEvent.m in Sources */ = {isa = PBXBuildFile; fileRef = D72C08E61517D97B003455C9 /* SensorEvent.m */; };
		D72C08FB1517DD3E003455C9 /* AFHTTPClient.m in Sources */ = {isa = PBXBuildFile; fileRef = D72C08E91517DD3E003455C9 /* AFHTTPClient.m */; };
		D72C08FC1517DD3E003455C9 /* AFHTTPRequestOperation.m in Sources */ = {isa = PBXBuildFile; fileRef = D72C08EB1517DD3E003455C9 /* AFHTTPRequestOperation.m */; };
		D72C08FD1517DD3E003455C9 /* AFImageRequestOperation.m in Sources */ = {isa = PBXBuildFile; fileRef = D72C08ED1517DD3E003455C9 /* AFImageRequestOperation.m */; };
		D72C08FE1517DD3E003455C9 /* AFJSONRequestOperation.m in Sources */ = {isa = PBXBuildFile; fileRef = D72C08EF1517DD3E003455C9 /* AFJSONRequestOperation.m */; };
		D72C08FF1517DD3E003455C9 /* AFJSONUtilities.m in Sources */ = {isa = PBXBuildFile; fileRef = D72C08F11517DD3E003455C9 /* AFJSONUtilities.m */; };
		D72C09001517DD3E003455C9 /* AFNetworkActivityIndicatorManager.m in Sources */ = {isa = PBXBuildFile; fileRef = D72C08F31517DD3E003455C9 /* AFNetworkActivityIndicatorManager.m */; };
		D72C09011517DD3E003455C9 /* AFPropertyListRequestOperation.m in Sources */ = {isa = PBXBuildFile; fileRef = D72C08F61517DD3E003455C9 /* AFPropertyListRequestOperation.m */; };
		D72C09021517DD3E003455C9 /* AFURLConnectionOperation.m in Sources */ = {isa = PBXBuildFile; fileRef = D72C08F81517DD3E003455C9 /* AFURLConnectionOperation.m */; };
		D72C09031517DD3E003455C9 /* AFXMLRequestOperation.m in Sources */ = {isa = PBXBuildFile; fileRef = D72C08FA1517DD3E003455C9 /* AFXMLRequestOperation.m */; };
		D7D6C76D1517E1A300BD5B43 /* WindowSensorEvent.m in Sources */ = {isa = PBXBuildFile; fileRef = D7D6C76C1517E1A300BD5B43 /* WindowSensorEvent.m */; };
		D7D6C7711517E64800BD5B43 /* TempSensorEvent.m in Sources */ = {isa = PBXBuildFile; fileRef = D7D6C7701517E64800BD5B43 /* TempSensorEvent.m */; };
		D7D6C7741517E6B200BD5B43 /* FloodSensorEvent.m in Sources */ = {isa = PBXBuildFile; fileRef = D7D6C7731517E6B200BD5B43 /* FloodSensorEvent.m */; };
		D7D6C7771518082900BD5B43 /* MotionSensorEvent.m in Sources */ = {isa = PBXBuildFile; fileRef = D7D6C7761518082900BD5B43 /* MotionSensorEvent.m */; };
		D7D6C77A15180BCE00BD5B43 /* AlarmEvent.m in Sources */ = {isa = PBXBuildFile; fileRef = D7D6C77915180BCE00BD5B43 /* AlarmEvent.m */; };
		D7D6C77E15180CF500BD5B43 /* KeypadEvent.m in Sources */ = {isa = PBXBuildFile; fileRef = D7D6C77D15180CF400BD5B43 /* KeypadEvent.m */; };
		D7D6C7811518164100BD5B43 /* AlarmEventTableViewCell.m in Sources */ = {isa = PBXBuildFile; fileRef = D7D6C7801518164100BD5B43 /* AlarmEventTableViewCell.m */; };
/* End PBXBuildFile section */

/* Begin PBXContainerItemProxy section */
		D72C07C51517BF9A003455C9 /* PBXContainerItemProxy */ = {
			isa = PBXContainerItemProxy;
			containerPortal = D72C078D1517BF9A003455C9 /* Project object */;
			proxyType = 1;
			remoteGlobalIDString = D72C07951517BF9A003455C9;
			remoteInfo = garth;
		};
/* End PBXContainerItemProxy section */

/* Begin PBXFileReference section */
		D72C07961517BF9A003455C9 /* garth.app */ = {isa = PBXFileReference; explicitFileType = wrapper.application; includeInIndex = 0; path = garth.app; sourceTree = BUILT_PRODUCTS_DIR; };
		D72C079A1517BF9A003455C9 /* UIKit.framework */ = {isa = PBXFileReference; lastKnownFileType = wrapper.framework; name = UIKit.framework; path = System/Library/Frameworks/UIKit.framework; sourceTree = SDKROOT; };
		D72C079C1517BF9A003455C9 /* Foundation.framework */ = {isa = PBXFileReference; lastKnownFileType = wrapper.framework; name = Foundation.framework; path = System/Library/Frameworks/Foundation.framework; sourceTree = SDKROOT; };
		D72C079E1517BF9A003455C9 /* CoreGraphics.framework */ = {isa = PBXFileReference; lastKnownFileType = wrapper.framework; name = CoreGraphics.framework; path = System/Library/Frameworks/CoreGraphics.framework; sourceTree = SDKROOT; };
		D72C07A21517BF9A003455C9 /* garth-Info.plist */ = {isa = PBXFileReference; lastKnownFileType = text.plist.xml; path = "garth-Info.plist"; sourceTree = "<group>"; };
		D72C07A41517BF9A003455C9 /* en */ = {isa = PBXFileReference; lastKnownFileType = text.plist.strings; name = en; path = en.lproj/InfoPlist.strings; sourceTree = "<group>"; };
		D72C07A61517BF9A003455C9 /* main.m */ = {isa = PBXFileReference; lastKnownFileType = sourcecode.c.objc; path = main.m; sourceTree = "<group>"; };
		D72C07A81517BF9A003455C9 /* garth-Prefix.pch */ = {isa = PBXFileReference; lastKnownFileType = sourcecode.c.h; path = "garth-Prefix.pch"; sourceTree = "<group>"; };
		D72C07A91517BF9A003455C9 /* garthAppDelegate.h */ = {isa = PBXFileReference; lastKnownFileType = sourcecode.c.h; path = garthAppDelegate.h; sourceTree = "<group>"; };
		D72C07AA1517BF9A003455C9 /* garthAppDelegate.m */ = {isa = PBXFileReference; lastKnownFileType = sourcecode.c.objc; path = garthAppDelegate.m; sourceTree = "<group>"; };
		D72C07AD1517BF9A003455C9 /* garthAppDelegate_iPhone.h */ = {isa = PBXFileReference; lastKnownFileType = sourcecode.c.h; name = garthAppDelegate_iPhone.h; path = iPhone/garthAppDelegate_iPhone.h; sourceTree = "<group>"; };
		D72C07AE1517BF9A003455C9 /* garthAppDelegate_iPhone.m */ = {isa = PBXFileReference; lastKnownFileType = sourcecode.c.objc; name = garthAppDelegate_iPhone.m; path = iPhone/garthAppDelegate_iPhone.m; sourceTree = "<group>"; };
		D72C07B11517BF9A003455C9 /* en */ = {isa = PBXFileReference; lastKnownFileType = file.xib; name = en; path = iPhone/en.lproj/MainWindow_iPhone.xib; sourceTree = "<group>"; };
		D72C07B41517BF9A003455C9 /* garthAppDelegate_iPad.h */ = {isa = PBXFileReference; lastKnownFileType = sourcecode.c.h; name = garthAppDelegate_iPad.h; path = iPad/garthAppDelegate_iPad.h; sourceTree = "<group>"; };
		D72C07B51517BF9A003455C9 /* garthAppDelegate_iPad.m */ = {isa = PBXFileReference; lastKnownFileType = sourcecode.c.objc; name = garthAppDelegate_iPad.m; path = iPad/garthAppDelegate_iPad.m; sourceTree = "<group>"; };
		D72C07B81517BF9A003455C9 /* en */ = {isa = PBXFileReference; lastKnownFileType = file.xib; name = en; path = iPad/en.lproj/MainWindow_iPad.xib; sourceTree = "<group>"; };
		D72C07BF1517BF9A003455C9 /* garthTests.octest */ = {isa = PBXFileReference; explicitFileType = wrapper.cfbundle; includeInIndex = 0; path = garthTests.octest; sourceTree = BUILT_PRODUCTS_DIR; };
		D72C07C01517BF9A003455C9 /* SenTestingKit.framework */ = {isa = PBXFileReference; lastKnownFileType = wrapper.framework; name = SenTestingKit.framework; path = Library/Frameworks/SenTestingKit.framework; sourceTree = DEVELOPER_DIR; };
		D72C07C91517BF9A003455C9 /* garthTests-Info.plist */ = {isa = PBXFileReference; lastKnownFileType = text.plist.xml; path = "garthTests-Info.plist"; sourceTree = "<group>"; };
		D72C07CB1517BF9A003455C9 /* en */ = {isa = PBXFileReference; lastKnownFileType = text.plist.strings; name = en; path = en.lproj/InfoPlist.strings; sourceTree = "<group>"; };
		D72C07CD1517BF9A003455C9 /* garthTests.h */ = {isa = PBXFileReference; lastKnownFileType = sourcecode.c.h; path = garthTests.h; sourceTree = "<group>"; };
		D72C07CF1517BF9A003455C9 /* garthTests.m */ = {isa = PBXFileReference; lastKnownFileType = sourcecode.c.objc; path = garthTests.m; sourceTree = "<group>"; };
		D72C07D91517BFD2003455C9 /* EventListViewController.h */ = {isa = PBXFileReference; fileEncoding = 4; lastKnownFileType = sourcecode.c.h; path = EventListViewController.h; sourceTree = "<group>"; };
		D72C07DA1517BFD2003455C9 /* EventListViewController.m */ = {isa = PBXFileReference; fileEncoding = 4; lastKnownFileType = sourcecode.c.objc; path = EventListViewController.m; sourceTree = "<group>"; };
		D72C08A61517C276003455C9 /* EventTableViewCell.h */ = {isa = PBXFileReference; fileEncoding = 4; lastKnownFileType = sourcecode.c.h; path = EventTableViewCell.h; sourceTree = "<group>"; };
		D72C08A71517C276003455C9 /* EventTableViewCell.m */ = {isa = PBXFileReference; fileEncoding = 4; lastKnownFileType = sourcecode.c.objc; path = EventTableViewCell.m; sourceTree = "<group>"; };
		D72C08A91517C293003455C9 /* Event.h */ = {isa = PBXFileReference; fileEncoding = 4; lastKnownFileType = sourcecode.c.h; path = Event.h; sourceTree = "<group>"; };
		D72C08AA1517C293003455C9 /* Event.m */ = {isa = PBXFileReference; fileEncoding = 4; lastKnownFileType = sourcecode.c.objc; path = Event.m; sourceTree = "<group>"; };
		D72C08AD1517C33F003455C9 /* NSObject+SBJson.h */ = {isa = PBXFileReference; fileEncoding = 4; lastKnownFileType = sourcecode.c.h; path = "NSObject+SBJson.h"; sourceTree = "<group>"; };
		D72C08AE1517C33F003455C9 /* NSObject+SBJson.m */ = {isa = PBXFileReference; fileEncoding = 4; lastKnownFileType = sourcecode.c.objc; path = "NSObject+SBJson.m"; sourceTree = "<group>"; };
		D72C08AF1517C33F003455C9 /* SBJson.h */ = {isa = PBXFileReference; fileEncoding = 4; lastKnownFileType = sourcecode.c.h; path = SBJson.h; sourceTree = "<group>"; };
		D72C08B01517C33F003455C9 /* SBJsonParser.h */ = {isa = PBXFileReference; fileEncoding = 4; lastKnownFileType = sourcecode.c.h; path = SBJsonParser.h; sourceTree = "<group>"; };
		D72C08B11517C33F003455C9 /* SBJsonParser.m */ = {isa = PBXFileReference; fileEncoding = 4; lastKnownFileType = sourcecode.c.objc; path = SBJsonParser.m; sourceTree = "<group>"; };
		D72C08B21517C33F003455C9 /* SBJsonStreamParser.h */ = {isa = PBXFileReference; fileEncoding = 4; lastKnownFileType = sourcecode.c.h; path = SBJsonStreamParser.h; sourceTree = "<group>"; };
		D72C08B31517C33F003455C9 /* SBJsonStreamParser.m */ = {isa = PBXFileReference; fileEncoding = 4; lastKnownFileType = sourcecode.c.objc; path = SBJsonStreamParser.m; sourceTree = "<group>"; };
		D72C08B41517C33F003455C9 /* SBJsonStreamParserAccumulator.h */ = {isa = PBXFileReference; fileEncoding = 4; lastKnownFileType = sourcecode.c.h; path = SBJsonStreamParserAccumulator.h; sourceTree = "<group>"; };
		D72C08B51517C33F003455C9 /* SBJsonStreamParserAccumulator.m */ = {isa = PBXFileReference; fileEncoding = 4; lastKnownFileType = sourcecode.c.objc; path = SBJsonStreamParserAccumulator.m; sourceTree = "<group>"; };
		D72C08B61517C33F003455C9 /* SBJsonStreamParserAdapter.h */ = {isa = PBXFileReference; fileEncoding = 4; lastKnownFileType = sourcecode.c.h; path = SBJsonStreamParserAdapter.h; sourceTree = "<group>"; };
		D72C08B71517C33F003455C9 /* SBJsonStreamParserAdapter.m */ = {isa = PBXFileReference; fileEncoding = 4; lastKnownFileType = sourcecode.c.objc; path = SBJsonStreamParserAdapter.m; sourceTree = "<group>"; };
		D72C08B81517C33F003455C9 /* SBJsonStreamParserState.h */ = {isa = PBXFileReference; fileEncoding = 4; lastKnownFileType = sourcecode.c.h; path = SBJsonStreamParserState.h; sourceTree = "<group>"; };
		D72C08B91517C33F003455C9 /* SBJsonStreamParserState.m */ = {isa = PBXFileReference; fileEncoding = 4; lastKnownFileType = sourcecode.c.objc; path = SBJsonStreamParserState.m; sourceTree = "<group>"; };
		D72C08BA1517C33F003455C9 /* SBJsonStreamWriter.h */ = {isa = PBXFileReference; fileEncoding = 4; lastKnownFileType = sourcecode.c.h; path = SBJsonStreamWriter.h; sourceTree = "<group>"; };
		D72C08BB1517C33F003455C9 /* SBJsonStreamWriter.m */ = {isa = PBXFileReference; fileEncoding = 4; lastKnownFileType = sourcecode.c.objc; path = SBJsonStreamWriter.m; sourceTree = "<group>"; };
		D72C08BC1517C33F003455C9 /* SBJsonStreamWriterAccumulator.h */ = {isa = PBXFileReference; fileEncoding = 4; lastKnownFileType = sourcecode.c.h; path = SBJsonStreamWriterAccumulator.h; sourceTree = "<group>"; };
		D72C08BD1517C33F003455C9 /* SBJsonStreamWriterAccumulator.m */ = {isa = PBXFileReference; fileEncoding = 4; lastKnownFileType = sourcecode.c.objc; path = SBJsonStreamWriterAccumulator.m; sourceTree = "<group>"; };
		D72C08BE1517C33F003455C9 /* SBJsonStreamWriterState.h */ = {isa = PBXFileReference; fileEncoding = 4; lastKnownFileType = sourcecode.c.h; path = SBJsonStreamWriterState.h; sourceTree = "<group>"; };
		D72C08BF1517C33F003455C9 /* SBJsonStreamWriterState.m */ = {isa = PBXFileReference; fileEncoding = 4; lastKnownFileType = sourcecode.c.objc; path = SBJsonStreamWriterState.m; sourceTree = "<group>"; };
		D72C08C01517C33F003455C9 /* SBJsonTokeniser.h */ = {isa = PBXFileReference; fileEncoding = 4; lastKnownFileType = sourcecode.c.h; path = SBJsonTokeniser.h; sourceTree = "<group>"; };
		D72C08C11517C33F003455C9 /* SBJsonTokeniser.m */ = {isa = PBXFileReference; fileEncoding = 4; lastKnownFileType = sourcecode.c.objc; path = SBJsonTokeniser.m; sourceTree = "<group>"; };
		D72C08C21517C33F003455C9 /* SBJsonUTF8Stream.h */ = {isa = PBXFileReference; fileEncoding = 4; lastKnownFileType = sourcecode.c.h; path = SBJsonUTF8Stream.h; sourceTree = "<group>"; };
		D72C08C31517C33F003455C9 /* SBJsonUTF8Stream.m */ = {isa = PBXFileReference; fileEncoding = 4; lastKnownFileType = sourcecode.c.objc; path = SBJsonUTF8Stream.m; sourceTree = "<group>"; };
		D72C08C41517C33F003455C9 /* SBJsonWriter.h */ = {isa = PBXFileReference; fileEncoding = 4; lastKnownFileType = sourcecode.c.h; path = SBJsonWriter.h; sourceTree = "<group>"; };
		D72C08C51517C33F003455C9 /* SBJsonWriter.m */ = {isa = PBXFileReference; fileEncoding = 4; lastKnownFileType = sourcecode.c.objc; path = SBJsonWriter.m; sourceTree = "<group>"; };
		D72C08D21517C449003455C9 /* LaunchViewController.h */ = {isa = PBXFileReference; fileEncoding = 4; path = LaunchViewController.h; sourceTree = "<group>"; };
		D72C08D31517C449003455C9 /* LaunchViewController.m */ = {isa = PBXFileReference; fileEncoding = 4; lastKnownFileType = sourcecode.c.objc; path = LaunchViewController.m; sourceTree = "<group>"; };
		D72C08D71517CA3A003455C9 /* QuartzCore.framework */ = {isa = PBXFileReference; lastKnownFileType = wrapper.framework; name = QuartzCore.framework; path = System/Library/Frameworks/QuartzCore.framework; sourceTree = SDKROOT; };
		D72C08DF1517D820003455C9 /* EventFactory.h */ = {isa = PBXFileReference; fileEncoding = 4; lastKnownFileType = sourcecode.c.h; path = EventFactory.h; sourceTree = "<group>"; };
		D72C08E01517D821003455C9 /* EventFactory.m */ = {isa = PBXFileReference; fileEncoding = 4; lastKnownFileType = sourcecode.c.objc; path = EventFactory.m; sourceTree = "<group>"; };
		D72C08E21517D96F003455C9 /* DoorSensorEvent.h */ = {isa = PBXFileReference; fileEncoding = 4; lastKnownFileType = sourcecode.c.h; path = DoorSensorEvent.h; sourceTree = "<group>"; };
		D72C08E31517D96F003455C9 /* DoorSensorEvent.m */ = {isa = PBXFileReference; fileEncoding = 4; lastKnownFileType = sourcecode.c.objc; path = DoorSensorEvent.m; sourceTree = "<group>"; };
		D72C08E51517D97B003455C9 /* SensorEvent.h */ = {isa = PBXFileReference; fileEncoding = 4; lastKnownFileType = sourcecode.c.h; path = SensorEvent.h; sourceTree = "<group>"; };
		D72C08E61517D97B003455C9 /* SensorEvent.m */ = {isa = PBXFileReference; fileEncoding = 4; lastKnownFileType = sourcecode.c.objc; path = SensorEvent.m; sourceTree = "<group>"; };
		D72C08E81517DD3E003455C9 /* AFHTTPClient.h */ = {isa = PBXFileReference; fileEncoding = 4; lastKnownFileType = sourcecode.c.h; name = AFHTTPClient.h; path = garth/AFHTTPClient.h; sourceTree = SOURCE_ROOT; };
		D72C08E91517DD3E003455C9 /* AFHTTPClient.m */ = {isa = PBXFileReference; fileEncoding = 4; lastKnownFileType = sourcecode.c.objc; name = AFHTTPClient.m; path = garth/AFHTTPClient.m; sourceTree = SOURCE_ROOT; };
		D72C08EA1517DD3E003455C9 /* AFHTTPRequestOperation.h */ = {isa = PBXFileReference; fileEncoding = 4; lastKnownFileType = sourcecode.c.h; name = AFHTTPRequestOperation.h; path = garth/AFHTTPRequestOperation.h; sourceTree = SOURCE_ROOT; };
		D72C08EB1517DD3E003455C9 /* AFHTTPRequestOperation.m */ = {isa = PBXFileReference; fileEncoding = 4; lastKnownFileType = sourcecode.c.objc; name = AFHTTPRequestOperation.m; path = garth/AFHTTPRequestOperation.m; sourceTree = SOURCE_ROOT; };
		D72C08EC1517DD3E003455C9 /* AFImageRequestOperation.h */ = {isa = PBXFileReference; fileEncoding = 4; lastKnownFileType = sourcecode.c.h; name = AFImageRequestOperation.h; path = garth/AFImageRequestOperation.h; sourceTree = SOURCE_ROOT; };
		D72C08ED1517DD3E003455C9 /* AFImageRequestOperation.m */ = {isa = PBXFileReference; fileEncoding = 4; lastKnownFileType = sourcecode.c.objc; name = AFImageRequestOperation.m; path = garth/AFImageRequestOperation.m; sourceTree = SOURCE_ROOT; };
		D72C08EE1517DD3E003455C9 /* AFJSONRequestOperation.h */ = {isa = PBXFileReference; fileEncoding = 4; lastKnownFileType = sourcecode.c.h; name = AFJSONRequestOperation.h; path = garth/AFJSONRequestOperation.h; sourceTree = SOURCE_ROOT; };
		D72C08EF1517DD3E003455C9 /* AFJSONRequestOperation.m */ = {isa = PBXFileReference; fileEncoding = 4; lastKnownFileType = sourcecode.c.objc; name = AFJSONRequestOperation.m; path = garth/AFJSONRequestOperation.m; sourceTree = SOURCE_ROOT; };
		D72C08F01517DD3E003455C9 /* AFJSONUtilities.h */ = {isa = PBXFileReference; fileEncoding = 4; lastKnownFileType = sourcecode.c.h; name = AFJSONUtilities.h; path = garth/AFJSONUtilities.h; sourceTree = SOURCE_ROOT; };
		D72C08F11517DD3E003455C9 /* AFJSONUtilities.m */ = {isa = PBXFileReference; fileEncoding = 4; lastKnownFileType = sourcecode.c.objc; name = AFJSONUtilities.m; path = garth/AFJSONUtilities.m; sourceTree = SOURCE_ROOT; };
		D72C08F21517DD3E003455C9 /* AFNetworkActivityIndicatorManager.h */ = {isa = PBXFileReference; fileEncoding = 4; lastKnownFileType = sourcecode.c.h; name = AFNetworkActivityIndicatorManager.h; path = garth/AFNetworkActivityIndicatorManager.h; sourceTree = SOURCE_ROOT; };
		D72C08F31517DD3E003455C9 /* AFNetworkActivityIndicatorManager.m */ = {isa = PBXFileReference; fileEncoding = 4; lastKnownFileType = sourcecode.c.objc; name = AFNetworkActivityIndicatorManager.m; path = garth/AFNetworkActivityIndicatorManager.m; sourceTree = SOURCE_ROOT; };
		D72C08F41517DD3E003455C9 /* AFNetworking.h */ = {isa = PBXFileReference; fileEncoding = 4; lastKnownFileType = sourcecode.c.h; name = AFNetworking.h; path = garth/AFNetworking.h; sourceTree = SOURCE_ROOT; };
		D72C08F51517DD3E003455C9 /* AFPropertyListRequestOperation.h */ = {isa = PBXFileReference; fileEncoding = 4; lastKnownFileType = sourcecode.c.h; name = AFPropertyListRequestOperation.h; path = garth/AFPropertyListRequestOperation.h; sourceTree = SOURCE_ROOT; };
		D72C08F61517DD3E003455C9 /* AFPropertyListRequestOperation.m */ = {isa = PBXFileReference; fileEncoding = 4; lastKnownFileType = sourcecode.c.objc; name = AFPropertyListRequestOperation.m; path = garth/AFPropertyListRequestOperation.m; sourceTree = SOURCE_ROOT; };
		D72C08F71517DD3E003455C9 /* AFURLConnectionOperation.h */ = {isa = PBXFileReference; fileEncoding = 4; lastKnownFileType = sourcecode.c.h; name = AFURLConnectionOperation.h; path = garth/AFURLConnectionOperation.h; sourceTree = SOURCE_ROOT; };
		D72C08F81517DD3E003455C9 /* AFURLConnectionOperation.m */ = {isa = PBXFileReference; fileEncoding = 4; lastKnownFileType = sourcecode.c.objc; name = AFURLConnectionOperation.m; path = garth/AFURLConnectionOperation.m; sourceTree = SOURCE_ROOT; };
		D72C08F91517DD3E003455C9 /* AFXMLRequestOperation.h */ = {isa = PBXFileReference; fileEncoding = 4; lastKnownFileType = sourcecode.c.h; name = AFXMLRequestOperation.h; path = garth/AFXMLRequestOperation.h; sourceTree = SOURCE_ROOT; };
		D72C08FA1517DD3E003455C9 /* AFXMLRequestOperation.m */ = {isa = PBXFileReference; fileEncoding = 4; lastKnownFileType = sourcecode.c.objc; name = AFXMLRequestOperation.m; path = garth/AFXMLRequestOperation.m; sourceTree = SOURCE_ROOT; };
		D7D6C76B1517E1A300BD5B43 /* WindowSensorEvent.h */ = {isa = PBXFileReference; fileEncoding = 4; lastKnownFileType = sourcecode.c.h; path = WindowSensorEvent.h; sourceTree = "<group>"; };
		D7D6C76C1517E1A300BD5B43 /* WindowSensorEvent.m */ = {isa = PBXFileReference; fileEncoding = 4; lastKnownFileType = sourcecode.c.objc; path = WindowSensorEvent.m; sourceTree = "<group>"; };
		D7D6C76F1517E64800BD5B43 /* TempSensorEvent.h */ = {isa = PBXFileReference; fileEncoding = 4; lastKnownFileType = sourcecode.c.h; path = TempSensorEvent.h; sourceTree = "<group>"; };
		D7D6C7701517E64800BD5B43 /* TempSensorEvent.m */ = {isa = PBXFileReference; fileEncoding = 4; lastKnownFileType = sourcecode.c.objc; path = TempSensorEvent.m; sourceTree = "<group>"; };
		D7D6C7721517E6B200BD5B43 /* FloodSensorEvent.h */ = {isa = PBXFileReference; fileEncoding = 4; lastKnownFileType = sourcecode.c.h; path = FloodSensorEvent.h; sourceTree = "<group>"; };
		D7D6C7731517E6B200BD5B43 /* FloodSensorEvent.m */ = {isa = PBXFileReference; fileEncoding = 4; lastKnownFileType = sourcecode.c.objc; path = FloodSensorEvent.m; sourceTree = "<group>"; };
		D7D6C7751518082900BD5B43 /* MotionSensorEvent.h */ = {isa = PBXFileReference; fileEncoding = 4; lastKnownFileType = sourcecode.c.h; path = MotionSensorEvent.h; sourceTree = "<group>"; };
		D7D6C7761518082900BD5B43 /* MotionSensorEvent.m */ = {isa = PBXFileReference; fileEncoding = 4; lastKnownFileType = sourcecode.c.objc; path = MotionSensorEvent.m; sourceTree = "<group>"; };
		D7D6C77815180BCE00BD5B43 /* AlarmEvent.h */ = {isa = PBXFileReference; fileEncoding = 4; lastKnownFileType = sourcecode.c.h; path = AlarmEvent.h; sourceTree = "<group>"; };
		D7D6C77915180BCE00BD5B43 /* AlarmEvent.m */ = {isa = PBXFileReference; fileEncoding = 4; lastKnownFileType = sourcecode.c.objc; path = AlarmEvent.m; sourceTree = "<group>"; };
		D7D6C77C15180CF400BD5B43 /* KeypadEvent.h */ = {isa = PBXFileReference; fileEncoding = 4; lastKnownFileType = sourcecode.c.h; path = KeypadEvent.h; sourceTree = "<group>"; };
		D7D6C77D15180CF400BD5B43 /* KeypadEvent.m */ = {isa = PBXFileReference; fileEncoding = 4; lastKnownFileType = sourcecode.c.objc; path = KeypadEvent.m; sourceTree = "<group>"; };
		D7D6C77F1518164100BD5B43 /* AlarmEventTableViewCell.h */ = {isa = PBXFileReference; fileEncoding = 4; lastKnownFileType = sourcecode.c.h; path = AlarmEventTableViewCell.h; sourceTree = "<group>"; };
		D7D6C7801518164100BD5B43 /* AlarmEventTableViewCell.m */ = {isa = PBXFileReference; fileEncoding = 4; lastKnownFileType = sourcecode.c.objc; path = AlarmEventTableViewCell.m; sourceTree = "<group>"; };
/* End PBXFileReference section */

/* Begin PBXFrameworksBuildPhase section */
		D72C07931517BF9A003455C9 /* Frameworks */ = {
			isa = PBXFrameworksBuildPhase;
			buildActionMask = 2147483647;
			files = (
				D72C08D81517CA3B003455C9 /* QuartzCore.framework in Frameworks */,
				D72C079B1517BF9A003455C9 /* UIKit.framework in Frameworks */,
				D72C079D1517BF9A003455C9 /* Foundation.framework in Frameworks */,
				D72C079F1517BF9A003455C9 /* CoreGraphics.framework in Frameworks */,
			);
			runOnlyForDeploymentPostprocessing = 0;
		};
		D72C07BB1517BF9A003455C9 /* Frameworks */ = {
			isa = PBXFrameworksBuildPhase;
			buildActionMask = 2147483647;
			files = (
				D72C07C11517BF9A003455C9 /* SenTestingKit.framework in Frameworks */,
				D72C07C21517BF9A003455C9 /* UIKit.framework in Frameworks */,
				D72C07C31517BF9A003455C9 /* Foundation.framework in Frameworks */,
				D72C07C41517BF9A003455C9 /* CoreGraphics.framework in Frameworks */,
			);
			runOnlyForDeploymentPostprocessing = 0;
		};
/* End PBXFrameworksBuildPhase section */

/* Begin PBXGroup section */
		D72C078B1517BF9A003455C9 = {
			isa = PBXGroup;
			children = (
				D72C08D71517CA3A003455C9 /* QuartzCore.framework */,
				D72C07A01517BF9A003455C9 /* garth */,
				D72C07C71517BF9A003455C9 /* garthTests */,
				D72C07991517BF9A003455C9 /* Frameworks */,
				D72C07971517BF9A003455C9 /* Products */,
			);
			sourceTree = "<group>";
		};
		D72C07971517BF9A003455C9 /* Products */ = {
			isa = PBXGroup;
			children = (
				D72C07961517BF9A003455C9 /* garth.app */,
				D72C07BF1517BF9A003455C9 /* garthTests.octest */,
			);
			name = Products;
			sourceTree = "<group>";
		};
		D72C07991517BF9A003455C9 /* Frameworks */ = {
			isa = PBXGroup;
			children = (
				D72C079A1517BF9A003455C9 /* UIKit.framework */,
				D72C079C1517BF9A003455C9 /* Foundation.framework */,
				D72C079E1517BF9A003455C9 /* CoreGraphics.framework */,
				D72C07C01517BF9A003455C9 /* SenTestingKit.framework */,
			);
			name = Frameworks;
			sourceTree = "<group>";
		};
		D72C07A01517BF9A003455C9 /* garth */ = {
			isa = PBXGroup;
			children = (
				D72C08D61517C49E003455C9 /* Views */,
				D72C08D51517C494003455C9 /* Models */,
				D72C08AC1517C335003455C9 /* SBJson */,
				D72C08021517C054003455C9 /* AFNetworking */,
				D72C07A91517BF9A003455C9 /* garthAppDelegate.h */,
				D72C07AA1517BF9A003455C9 /* garthAppDelegate.m */,
				D72C07AC1517BF9A003455C9 /* iPhone */,
				D72C07B31517BF9A003455C9 /* iPad */,
				D72C07A11517BF9A003455C9 /* Supporting Files */,
			);
			path = garth;
			sourceTree = "<group>";
		};
		D72C07A11517BF9A003455C9 /* Supporting Files */ = {
			isa = PBXGroup;
			children = (
				D72C07A21517BF9A003455C9 /* garth-Info.plist */,
				D72C07A31517BF9A003455C9 /* InfoPlist.strings */,
				D72C07A61517BF9A003455C9 /* main.m */,
				D72C07A81517BF9A003455C9 /* garth-Prefix.pch */,
			);
			name = "Supporting Files";
			sourceTree = "<group>";
		};
		D72C07AC1517BF9A003455C9 /* iPhone */ = {
			isa = PBXGroup;
			children = (
				D72C07AD1517BF9A003455C9 /* garthAppDelegate_iPhone.h */,
				D72C07AE1517BF9A003455C9 /* garthAppDelegate_iPhone.m */,
				D72C07B01517BF9A003455C9 /* MainWindow_iPhone.xib */,
				D72C07D91517BFD2003455C9 /* EventListViewController.h */,
				D72C07DA1517BFD2003455C9 /* EventListViewController.m */,
				D72C08D21517C449003455C9 /* LaunchViewController.h */,
				D72C08D31517C449003455C9 /* LaunchViewController.m */,
			);
			name = iPhone;
			sourceTree = "<group>";
		};
		D72C07B31517BF9A003455C9 /* iPad */ = {
			isa = PBXGroup;
			children = (
				D72C07B41517BF9A003455C9 /* garthAppDelegate_iPad.h */,
				D72C07B51517BF9A003455C9 /* garthAppDelegate_iPad.m */,
				D72C07B71517BF9A003455C9 /* MainWindow_iPad.xib */,
			);
			name = iPad;
			sourceTree = "<group>";
		};
		D72C07C71517BF9A003455C9 /* garthTests */ = {
			isa = PBXGroup;
			children = (
				D72C07CD1517BF9A003455C9 /* garthTests.h */,
				D72C07CF1517BF9A003455C9 /* garthTests.m */,
				D72C07C81517BF9A003455C9 /* Supporting Files */,
			);
			path = garthTests;
			sourceTree = "<group>";
		};
		D72C07C81517BF9A003455C9 /* Supporting Files */ = {
			isa = PBXGroup;
			children = (
				D72C07C91517BF9A003455C9 /* garthTests-Info.plist */,
				D72C07CA1517BF9A003455C9 /* InfoPlist.strings */,
			);
			name = "Supporting Files";
			sourceTree = "<group>";
		};
		D72C08021517C054003455C9 /* AFNetworking */ = {
			isa = PBXGroup;
			children = (
				D72C08E81517DD3E003455C9 /* AFHTTPClient.h */,
				D72C08E91517DD3E003455C9 /* AFHTTPClient.m */,
				D72C08EA1517DD3E003455C9 /* AFHTTPRequestOperation.h */,
				D72C08EB1517DD3E003455C9 /* AFHTTPRequestOperation.m */,
				D72C08EC1517DD3E003455C9 /* AFImageRequestOperation.h */,
				D72C08ED1517DD3E003455C9 /* AFImageRequestOperation.m */,
				D72C08EE1517DD3E003455C9 /* AFJSONRequestOperation.h */,
				D72C08EF1517DD3E003455C9 /* AFJSONRequestOperation.m */,
				D72C08F01517DD3E003455C9 /* AFJSONUtilities.h */,
				D72C08F11517DD3E003455C9 /* AFJSONUtilities.m */,
				D72C08F21517DD3E003455C9 /* AFNetworkActivityIndicatorManager.h */,
				D72C08F31517DD3E003455C9 /* AFNetworkActivityIndicatorManager.m */,
				D72C08F41517DD3E003455C9 /* AFNetworking.h */,
				D72C08F51517DD3E003455C9 /* AFPropertyListRequestOperation.h */,
				D72C08F61517DD3E003455C9 /* AFPropertyListRequestOperation.m */,
				D72C08F71517DD3E003455C9 /* AFURLConnectionOperation.h */,
				D72C08F81517DD3E003455C9 /* AFURLConnectionOperation.m */,
				D72C08F91517DD3E003455C9 /* AFXMLRequestOperation.h */,
				D72C08FA1517DD3E003455C9 /* AFXMLRequestOperation.m */,
			);
			name = AFNetworking;
			path = ../AFNetworking/AFNetworking;
			sourceTree = "<group>";
		};
		D72C08AC1517C335003455C9 /* SBJson */ = {
			isa = PBXGroup;
			children = (
				D72C08AD1517C33F003455C9 /* NSObject+SBJson.h */,
				D72C08AE1517C33F003455C9 /* NSObject+SBJson.m */,
				D72C08AF1517C33F003455C9 /* SBJson.h */,
				D72C08B01517C33F003455C9 /* SBJsonParser.h */,
				D72C08B11517C33F003455C9 /* SBJsonParser.m */,
				D72C08B21517C33F003455C9 /* SBJsonStreamParser.h */,
				D72C08B31517C33F003455C9 /* SBJsonStreamParser.m */,
				D72C08B41517C33F003455C9 /* SBJsonStreamParserAccumulator.h */,
				D72C08B51517C33F003455C9 /* SBJsonStreamParserAccumulator.m */,
				D72C08B61517C33F003455C9 /* SBJsonStreamParserAdapter.h */,
				D72C08B71517C33F003455C9 /* SBJsonStreamParserAdapter.m */,
				D72C08B81517C33F003455C9 /* SBJsonStreamParserState.h */,
				D72C08B91517C33F003455C9 /* SBJsonStreamParserState.m */,
				D72C08BA1517C33F003455C9 /* SBJsonStreamWriter.h */,
				D72C08BB1517C33F003455C9 /* SBJsonStreamWriter.m */,
				D72C08BC1517C33F003455C9 /* SBJsonStreamWriterAccumulator.h */,
				D72C08BD1517C33F003455C9 /* SBJsonStreamWriterAccumulator.m */,
				D72C08BE1517C33F003455C9 /* SBJsonStreamWriterState.h */,
				D72C08BF1517C33F003455C9 /* SBJsonStreamWriterState.m */,
				D72C08C01517C33F003455C9 /* SBJsonTokeniser.h */,
				D72C08C11517C33F003455C9 /* SBJsonTokeniser.m */,
				D72C08C21517C33F003455C9 /* SBJsonUTF8Stream.h */,
				D72C08C31517C33F003455C9 /* SBJsonUTF8Stream.m */,
				D72C08C41517C33F003455C9 /* SBJsonWriter.h */,
				D72C08C51517C33F003455C9 /* SBJsonWriter.m */,
			);
			name = SBJson;
			sourceTree = "<group>";
		};
		D72C08D51517C494003455C9 /* Models */ = {
			isa = PBXGroup;
			children = (
				D72C08A91517C293003455C9 /* Event.h */,
				D72C08AA1517C293003455C9 /* Event.m */,
				D72C08E51517D97B003455C9 /* SensorEvent.h */,
				D72C08E61517D97B003455C9 /* SensorEvent.m */,
				D72C08E21517D96F003455C9 /* DoorSensorEvent.h */,
				D72C08E31517D96F003455C9 /* DoorSensorEvent.m */,
				D7D6C76B1517E1A300BD5B43 /* WindowSensorEvent.h */,
				D7D6C76C1517E1A300BD5B43 /* WindowSensorEvent.m */,
				D72C08DF1517D820003455C9 /* EventFactory.h */,
				D72C08E01517D821003455C9 /* EventFactory.m */,
				D7D6C76F1517E64800BD5B43 /* TempSensorEvent.h */,
				D7D6C7701517E64800BD5B43 /* TempSensorEvent.m */,
				D7D6C7721517E6B200BD5B43 /* FloodSensorEvent.h */,
				D7D6C7731517E6B200BD5B43 /* FloodSensorEvent.m */,
				D7D6C7751518082900BD5B43 /* MotionSensorEvent.h */,
				D7D6C7761518082900BD5B43 /* MotionSensorEvent.m */,
				D7D6C77815180BCE00BD5B43 /* AlarmEvent.h */,
				D7D6C77915180BCE00BD5B43 /* AlarmEvent.m */,
				D7D6C77C15180CF400BD5B43 /* KeypadEvent.h */,
				D7D6C77D15180CF400BD5B43 /* KeypadEvent.m */,
			);
			name = Models;
			sourceTree = "<group>";
		};
		D72C08D61517C49E003455C9 /* Views */ = {
			isa = PBXGroup;
			children = (
				D72C08A61517C276003455C9 /* EventTableViewCell.h */,
				D72C08A71517C276003455C9 /* EventTableViewCell.m */,
				D7D6C77F1518164100BD5B43 /* AlarmEventTableViewCell.h */,
				D7D6C7801518164100BD5B43 /* AlarmEventTableViewCell.m */,
			);
			name = Views;
			sourceTree = "<group>";
		};
/* End PBXGroup section */

/* Begin PBXNativeTarget section */
		D72C07951517BF9A003455C9 /* garth */ = {
			isa = PBXNativeTarget;
			buildConfigurationList = D72C07D31517BF9A003455C9 /* Build configuration list for PBXNativeTarget "garth" */;
			buildPhases = (
				D72C07921517BF9A003455C9 /* Sources */,
				D72C07931517BF9A003455C9 /* Frameworks */,
				D72C07941517BF9A003455C9 /* Resources */,
			);
			buildRules = (
			);
			dependencies = (
			);
			name = garth;
			productName = garth;
			productReference = D72C07961517BF9A003455C9 /* garth.app */;
			productType = "com.apple.product-type.application";
		};
		D72C07BE1517BF9A003455C9 /* garthTests */ = {
			isa = PBXNativeTarget;
			buildConfigurationList = D72C07D61517BF9A003455C9 /* Build configuration list for PBXNativeTarget "garthTests" */;
			buildPhases = (
				D72C07BA1517BF9A003455C9 /* Sources */,
				D72C07BB1517BF9A003455C9 /* Frameworks */,
				D72C07BC1517BF9A003455C9 /* Resources */,
				D72C07BD1517BF9A003455C9 /* ShellScript */,
			);
			buildRules = (
			);
			dependencies = (
				D72C07C61517BF9A003455C9 /* PBXTargetDependency */,
			);
			name = garthTests;
			productName = garthTests;
			productReference = D72C07BF1517BF9A003455C9 /* garthTests.octest */;
			productType = "com.apple.product-type.bundle";
		};
/* End PBXNativeTarget section */

/* Begin PBXProject section */
		D72C078D1517BF9A003455C9 /* Project object */ = {
			isa = PBXProject;
			buildConfigurationList = D72C07901517BF9A003455C9 /* Build configuration list for PBXProject "garth" */;
			compatibilityVersion = "Xcode 3.2";
			developmentRegion = English;
			hasScannedForEncodings = 0;
			knownRegions = (
				en,
			);
			mainGroup = D72C078B1517BF9A003455C9;
			productRefGroup = D72C07971517BF9A003455C9 /* Products */;
			projectDirPath = "";
			projectRoot = "";
			targets = (
				D72C07951517BF9A003455C9 /* garth */,
				D72C07BE1517BF9A003455C9 /* garthTests */,
			);
		};
/* End PBXProject section */

/* Begin PBXResourcesBuildPhase section */
		D72C07941517BF9A003455C9 /* Resources */ = {
			isa = PBXResourcesBuildPhase;
			buildActionMask = 2147483647;
			files = (
				D72C07A51517BF9A003455C9 /* InfoPlist.strings in Resources */,
				D72C07B21517BF9A003455C9 /* MainWindow_iPhone.xib in Resources */,
				D72C07B91517BF9A003455C9 /* MainWindow_iPad.xib in Resources */,
			);
			runOnlyForDeploymentPostprocessing = 0;
		};
		D72C07BC1517BF9A003455C9 /* Resources */ = {
			isa = PBXResourcesBuildPhase;
			buildActionMask = 2147483647;
			files = (
				D72C07CC1517BF9A003455C9 /* InfoPlist.strings in Resources */,
				D72C07CE1517BF9A003455C9 /* garthTests.h in Resources */,
			);
			runOnlyForDeploymentPostprocessing = 0;
		};
/* End PBXResourcesBuildPhase section */

/* Begin PBXShellScriptBuildPhase section */
		D72C07BD1517BF9A003455C9 /* ShellScript */ = {
			isa = PBXShellScriptBuildPhase;
			buildActionMask = 2147483647;
			files = (
			);
			inputPaths = (
			);
			outputPaths = (
			);
			runOnlyForDeploymentPostprocessing = 0;
			shellPath = /bin/sh;
			shellScript = "# Run the unit tests in this test bundle.\n\"${SYSTEM_DEVELOPER_DIR}/Tools/RunUnitTests\"\n";
		};
/* End PBXShellScriptBuildPhase section */

/* Begin PBXSourcesBuildPhase section */
		D72C07921517BF9A003455C9 /* Sources */ = {
			isa = PBXSourcesBuildPhase;
			buildActionMask = 2147483647;
			files = (
				D72C07A71517BF9A003455C9 /* main.m in Sources */,
				D72C07AB1517BF9A003455C9 /* garthAppDelegate.m in Sources */,
				D72C07AF1517BF9A003455C9 /* garthAppDelegate_iPhone.m in Sources */,
				D72C07B61517BF9A003455C9 /* garthAppDelegate_iPad.m in Sources */,
				D72C07DB1517BFD2003455C9 /* EventListViewController.m in Sources */,
				D72C08A81517C276003455C9 /* EventTableViewCell.m in Sources */,
				D72C08AB1517C293003455C9 /* Event.m in Sources */,
				D72C08C61517C33F003455C9 /* NSObject+SBJson.m in Sources */,
				D72C08C71517C33F003455C9 /* SBJsonParser.m in Sources */,
				D72C08C81517C33F003455C9 /* SBJsonStreamParser.m in Sources */,
				D72C08C91517C33F003455C9 /* SBJsonStreamParserAccumulator.m in Sources */,
				D72C08CA1517C33F003455C9 /* SBJsonStreamParserAdapter.m in Sources */,
				D72C08CB1517C33F003455C9 /* SBJsonStreamParserState.m in Sources */,
				D72C08CC1517C33F003455C9 /* SBJsonStreamWriter.m in Sources */,
				D72C08CD1517C33F003455C9 /* SBJsonStreamWriterAccumulator.m in Sources */,
				D72C08CE1517C33F003455C9 /* SBJsonStreamWriterState.m in Sources */,
				D72C08CF1517C33F003455C9 /* SBJsonTokeniser.m in Sources */,
				D72C08D01517C33F003455C9 /* SBJsonUTF8Stream.m in Sources */,
				D72C08D11517C33F003455C9 /* SBJsonWriter.m in Sources */,
				D72C08D41517C449003455C9 /* LaunchViewController.m in Sources */,
				D72C08E11517D821003455C9 /* EventFactory.m in Sources */,
				D72C08E41517D96F003455C9 /* DoorSensorEvent.m in Sources */,
				D72C08E71517D97B003455C9 /* SensorEvent.m in Sources */,
				D72C08FB1517DD3E003455C9 /* AFHTTPClient.m in Sources */,
				D72C08FC1517DD3E003455C9 /* AFHTTPRequestOperation.m in Sources */,
				D72C08FD1517DD3E003455C9 /* AFImageRequestOperation.m in Sources */,
				D72C08FE1517DD3E003455C9 /* AFJSONRequestOperation.m in Sources */,
				D72C08FF1517DD3E003455C9 /* AFJSONUtilities.m in Sources */,
				D72C09001517DD3E003455C9 /* AFNetworkActivityIndicatorManager.m in Sources */,
				D72C09011517DD3E003455C9 /* AFPropertyListRequestOperation.m in Sources */,
				D72C09021517DD3E003455C9 /* AFURLConnectionOperation.m in Sources */,
				D72C09031517DD3E003455C9 /* AFXMLRequestOperation.m in Sources */,
				D7D6C76D1517E1A300BD5B43 /* WindowSensorEvent.m in Sources */,
				D7D6C7711517E64800BD5B43 /* TempSensorEvent.m in Sources */,
				D7D6C7741517E6B200BD5B43 /* FloodSensorEvent.m in Sources */,
				D7D6C7771518082900BD5B43 /* MotionSensorEvent.m in Sources */,
				D7D6C77A15180BCE00BD5B43 /* AlarmEvent.m in Sources */,
				D7D6C77E15180CF500BD5B43 /* KeypadEvent.m in Sources */,
				D7D6C7811518164100BD5B43 /* AlarmEventTableViewCell.m in Sources */,
			);
			runOnlyForDeploymentPostprocessing = 0;
		};
		D72C07BA1517BF9A003455C9 /* Sources */ = {
			isa = PBXSourcesBuildPhase;
			buildActionMask = 2147483647;
			files = (
				D72C07D01517BF9A003455C9 /* garthTests.m in Sources */,
			);
			runOnlyForDeploymentPostprocessing = 0;
		};
/* End PBXSourcesBuildPhase section */

/* Begin PBXTargetDependency section */
		D72C07C61517BF9A003455C9 /* PBXTargetDependency */ = {
			isa = PBXTargetDependency;
			target = D72C07951517BF9A003455C9 /* garth */;
			targetProxy = D72C07C51517BF9A003455C9 /* PBXContainerItemProxy */;
		};
/* End PBXTargetDependency section */

/* Begin PBXVariantGroup section */
		D72C07A31517BF9A003455C9 /* InfoPlist.strings */ = {
			isa = PBXVariantGroup;
			children = (
				D72C07A41517BF9A003455C9 /* en */,
			);
			name = InfoPlist.strings;
			sourceTree = "<group>";
		};
		D72C07B01517BF9A003455C9 /* MainWindow_iPhone.xib */ = {
			isa = PBXVariantGroup;
			children = (
				D72C07B11517BF9A003455C9 /* en */,
			);
			name = MainWindow_iPhone.xib;
			sourceTree = "<group>";
		};
		D72C07B71517BF9A003455C9 /* MainWindow_iPad.xib */ = {
			isa = PBXVariantGroup;
			children = (
				D72C07B81517BF9A003455C9 /* en */,
			);
			name = MainWindow_iPad.xib;
			sourceTree = "<group>";
		};
		D72C07CA1517BF9A003455C9 /* InfoPlist.strings */ = {
			isa = PBXVariantGroup;
			children = (
				D72C07CB1517BF9A003455C9 /* en */,
			);
			name = InfoPlist.strings;
			sourceTree = "<group>";
		};
/* End PBXVariantGroup section */

/* Begin XCBuildConfiguration section */
		D72C07D11517BF9A003455C9 /* Debug */ = {
			isa = XCBuildConfiguration;
			buildSettings = {
				ALWAYS_SEARCH_USER_PATHS = NO;
				ARCHS = "$(ARCHS_STANDARD_32_BIT)";
				"CODE_SIGN_IDENTITY[sdk=iphoneos*]" = "iPhone Developer";
				COPY_PHASE_STRIP = NO;
				GCC_C_LANGUAGE_STANDARD = gnu99;
				GCC_DYNAMIC_NO_PIC = NO;
				GCC_OPTIMIZATION_LEVEL = 0;
				GCC_PREPROCESSOR_DEFINITIONS = (
					"DEBUG=1",
					"$(inherited)",
				);
				GCC_SYMBOLS_PRIVATE_EXTERN = NO;
				GCC_VERSION = com.apple.compilers.llvmgcc42;
				GCC_WARN_ABOUT_MISSING_PROTOTYPES = YES;
				GCC_WARN_ABOUT_RETURN_TYPE = YES;
				GCC_WARN_UNUSED_VARIABLE = YES;
				IPHONEOS_DEPLOYMENT_TARGET = 4.3;
				SDKROOT = iphoneos;
				TARGETED_DEVICE_FAMILY = "1,2";
			};
			name = Debug;
		};
		D72C07D21517BF9A003455C9 /* Release */ = {
			isa = XCBuildConfiguration;
			buildSettings = {
				ALWAYS_SEARCH_USER_PATHS = NO;
				ARCHS = "$(ARCHS_STANDARD_32_BIT)";
				"CODE_SIGN_IDENTITY[sdk=iphoneos*]" = "iPhone Developer";
				COPY_PHASE_STRIP = YES;
				GCC_C_LANGUAGE_STANDARD = gnu99;
				GCC_VERSION = com.apple.compilers.llvmgcc42;
				GCC_WARN_ABOUT_MISSING_PROTOTYPES = YES;
				GCC_WARN_ABOUT_RETURN_TYPE = YES;
				GCC_WARN_UNUSED_VARIABLE = YES;
				IPHONEOS_DEPLOYMENT_TARGET = 4.3;
				OTHER_CFLAGS = "-DNS_BLOCK_ASSERTIONS=1";
				SDKROOT = iphoneos;
				TARGETED_DEVICE_FAMILY = "1,2";
				VALIDATE_PRODUCT = YES;
			};
			name = Release;
		};
		D72C07D41517BF9A003455C9 /* Debug */ = {
			isa = XCBuildConfiguration;
			buildSettings = {
				GCC_PRECOMPILE_PREFIX_HEADER = YES;
				GCC_PREFIX_HEADER = "garth/garth-Prefix.pch";
				INFOPLIST_FILE = "garth/garth-Info.plist";
				PRODUCT_NAME = "$(TARGET_NAME)";
				WRAPPER_EXTENSION = app;
			};
			name = Debug;
		};
		D72C07D51517BF9A003455C9 /* Release */ = {
			isa = XCBuildConfiguration;
			buildSettings = {
				GCC_PRECOMPILE_PREFIX_HEADER = YES;
				GCC_PREFIX_HEADER = "garth/garth-Prefix.pch";
				INFOPLIST_FILE = "garth/garth-Info.plist";
				PRODUCT_NAME = "$(TARGET_NAME)";
				WRAPPER_EXTENSION = app;
			};
			name = Release;
		};
		D72C07D71517BF9A003455C9 /* Debug */ = {
			isa = XCBuildConfiguration;
			buildSettings = {
				BUNDLE_LOADER = "$(BUILT_PRODUCTS_DIR)/garth.app/garth";
				FRAMEWORK_SEARCH_PATHS = (
					"$(SDKROOT)/Developer/Library/Frameworks",
					"$(DEVELOPER_LIBRARY_DIR)/Frameworks",
				);
				GCC_PRECOMPILE_PREFIX_HEADER = YES;
				GCC_PREFIX_HEADER = "garth/garth-Prefix.pch";
				INFOPLIST_FILE = "garthTests/garthTests-Info.plist";
				PRODUCT_NAME = "$(TARGET_NAME)";
				TEST_HOST = "$(BUNDLE_LOADER)";
				WRAPPER_EXTENSION = octest;
			};
			name = Debug;
		};
		D72C07D81517BF9A003455C9 /* Release */ = {
			isa = XCBuildConfiguration;
			buildSettings = {
				BUNDLE_LOADER = "$(BUILT_PRODUCTS_DIR)/garth.app/garth";
				FRAMEWORK_SEARCH_PATHS = (
					"$(SDKROOT)/Developer/Library/Frameworks",
					"$(DEVELOPER_LIBRARY_DIR)/Frameworks",
				);
				GCC_PRECOMPILE_PREFIX_HEADER = YES;
				GCC_PREFIX_HEADER = "garth/garth-Prefix.pch";
				INFOPLIST_FILE = "garthTests/garthTests-Info.plist";
				PRODUCT_NAME = "$(TARGET_NAME)";
				TEST_HOST = "$(BUNDLE_LOADER)";
				WRAPPER_EXTENSION = octest;
			};
			name = Release;
		};
/* End XCBuildConfiguration section */

/* Begin XCConfigurationList section */
		D72C07901517BF9A003455C9 /* Build configuration list for PBXProject "garth" */ = {
			isa = XCConfigurationList;
			buildConfigurations = (
				D72C07D11517BF9A003455C9 /* Debug */,
				D72C07D21517BF9A003455C9 /* Release */,
			);
			defaultConfigurationIsVisible = 0;
			defaultConfigurationName = Release;
		};
		D72C07D31517BF9A003455C9 /* Build configuration list for PBXNativeTarget "garth" */ = {
			isa = XCConfigurationList;
			buildConfigurations = (
				D72C07D41517BF9A003455C9 /* Debug */,
				D72C07D51517BF9A003455C9 /* Release */,
			);
			defaultConfigurationIsVisible = 0;
			defaultConfigurationName = Release;
		};
		D72C07D61517BF9A003455C9 /* Build configuration list for PBXNativeTarget "garthTests" */ = {
			isa = XCConfigurationList;
			buildConfigurations = (
				D72C07D71517BF9A003455C9 /* Debug */,
				D72C07D81517BF9A003455C9 /* Release */,
			);
			defaultConfigurationIsVisible = 0;
			defaultConfigurationName = Release;
		};
/* End XCConfigurationList section */
	};
	rootObject = D72C078D1517BF9A003455C9 /* Project object */;
}
